// !$*UTF8*$!
{
	archiveVersion = 1;
	classes = {
	};
	objectVersion = 46;
	objects = {

/* Begin PBXBuildFile section */
		27E0E36CAAAA42307654EE3B /* libPods-SwiftStarterUITests.a in Frameworks */ = {isa = PBXBuildFile; fileRef = 63A3408E587312BEAE1B75EA /* libPods-SwiftStarterUITests.a */; };
		4023B4B11BD7113D00FE563B /* DeviceViewController.swift in Sources */ = {isa = PBXBuildFile; fileRef = 4023B4B01BD7113D00FE563B /* DeviceViewController.swift */; };
		406592691BD1D64600C9215A /* MainTableViewController.swift in Sources */ = {isa = PBXBuildFile; fileRef = 406592681BD1D64600C9215A /* MainTableViewController.swift */; };
		40E1E83A1BCDD31F00D90A72 /* AppDelegate.swift in Sources */ = {isa = PBXBuildFile; fileRef = 40E1E8391BCDD31F00D90A72 /* AppDelegate.swift */; };
		40E1E83F1BCDD31F00D90A72 /* Main.storyboard in Resources */ = {isa = PBXBuildFile; fileRef = 40E1E83D1BCDD31F00D90A72 /* Main.storyboard */; };
		40E1E8411BCDD31F00D90A72 /* Assets.xcassets in Resources */ = {isa = PBXBuildFile; fileRef = 40E1E8401BCDD31F00D90A72 /* Assets.xcassets */; };
		40E1E84F1BCDD31F00D90A72 /* SwiftStarterTests.swift in Sources */ = {isa = PBXBuildFile; fileRef = 40E1E84E1BCDD31F00D90A72 /* SwiftStarterTests.swift */; };
		40E1E85A1BCDD31F00D90A72 /* SwiftStarterUITests.swift in Sources */ = {isa = PBXBuildFile; fileRef = 40E1E8591BCDD31F00D90A72 /* SwiftStarterUITests.swift */; };
		40E427651BD16466005F94E9 /* ScanTableViewController.swift in Sources */ = {isa = PBXBuildFile; fileRef = 40E427641BD16466005F94E9 /* ScanTableViewController.swift */; };
		C3B94E4277E3E3028D7426D4 /* libPods-SwiftStarter.a in Frameworks */ = {isa = PBXBuildFile; fileRef = 616001B4D67FCBBF6A2471F3 /* libPods-SwiftStarter.a */; };
		FD35AF059940394A5C3C0039 /* libPods-SwiftStarterTests.a in Frameworks */ = {isa = PBXBuildFile; fileRef = F6214D9E424DFAFEBC6C89C1 /* libPods-SwiftStarterTests.a */; };
/* End PBXBuildFile section */

/* Begin PBXContainerItemProxy section */
		40E1E84B1BCDD31F00D90A72 /* PBXContainerItemProxy */ = {
			isa = PBXContainerItemProxy;
			containerPortal = 40E1E82E1BCDD31F00D90A72 /* Project object */;
			proxyType = 1;
			remoteGlobalIDString = 40E1E8351BCDD31F00D90A72;
			remoteInfo = SwiftStarter;
		};
		40E1E8561BCDD31F00D90A72 /* PBXContainerItemProxy */ = {
			isa = PBXContainerItemProxy;
			containerPortal = 40E1E82E1BCDD31F00D90A72 /* Project object */;
			proxyType = 1;
			remoteGlobalIDString = 40E1E8351BCDD31F00D90A72;
			remoteInfo = SwiftStarter;
		};
/* End PBXContainerItemProxy section */

/* Begin PBXFileReference section */
		1D5A05112D72332CF3E0C018 /* Pods-SwiftStarterTests.release.xcconfig */ = {isa = PBXFileReference; includeInIndex = 1; lastKnownFileType = text.xcconfig; name = "Pods-SwiftStarterTests.release.xcconfig"; path = "Pods/Target Support Files/Pods-SwiftStarterTests/Pods-SwiftStarterTests.release.xcconfig"; sourceTree = "<group>"; };
		1D7CE6CF4687D32AC8B076E3 /* Pods-SwiftStarterUITests.debug.xcconfig */ = {isa = PBXFileReference; includeInIndex = 1; lastKnownFileType = text.xcconfig; name = "Pods-SwiftStarterUITests.debug.xcconfig"; path = "Pods/Target Support Files/Pods-SwiftStarterUITests/Pods-SwiftStarterUITests.debug.xcconfig"; sourceTree = "<group>"; };
		4023B4B01BD7113D00FE563B /* DeviceViewController.swift */ = {isa = PBXFileReference; fileEncoding = 4; lastKnownFileType = sourcecode.swift; path = DeviceViewController.swift; sourceTree = "<group>"; };
		4031C58E1BCDD53700A4756A /* SwiftStarter-Bridging-Header.h */ = {isa = PBXFileReference; lastKnownFileType = sourcecode.c.h; path = "SwiftStarter-Bridging-Header.h"; sourceTree = "<group>"; };
		406592681BD1D64600C9215A /* MainTableViewController.swift */ = {isa = PBXFileReference; fileEncoding = 4; lastKnownFileType = sourcecode.swift; path = MainTableViewController.swift; sourceTree = "<group>"; };
		40E1E8361BCDD31F00D90A72 /* SwiftStarter.app */ = {isa = PBXFileReference; explicitFileType = wrapper.application; includeInIndex = 0; path = SwiftStarter.app; sourceTree = BUILT_PRODUCTS_DIR; };
		40E1E8391BCDD31F00D90A72 /* AppDelegate.swift */ = {isa = PBXFileReference; lastKnownFileType = sourcecode.swift; path = AppDelegate.swift; sourceTree = "<group>"; };
		40E1E83E1BCDD31F00D90A72 /* Base */ = {isa = PBXFileReference; lastKnownFileType = file.storyboard; name = Base; path = Base.lproj/Main.storyboard; sourceTree = "<group>"; };
		40E1E8401BCDD31F00D90A72 /* Assets.xcassets */ = {isa = PBXFileReference; lastKnownFileType = folder.assetcatalog; path = Assets.xcassets; sourceTree = "<group>"; };
		40E1E8451BCDD31F00D90A72 /* Info.plist */ = {isa = PBXFileReference; lastKnownFileType = text.plist.xml; path = Info.plist; sourceTree = "<group>"; };
		40E1E84A1BCDD31F00D90A72 /* SwiftStarterTests.xctest */ = {isa = PBXFileReference; explicitFileType = wrapper.cfbundle; includeInIndex = 0; path = SwiftStarterTests.xctest; sourceTree = BUILT_PRODUCTS_DIR; };
		40E1E84E1BCDD31F00D90A72 /* SwiftStarterTests.swift */ = {isa = PBXFileReference; lastKnownFileType = sourcecode.swift; path = SwiftStarterTests.swift; sourceTree = "<group>"; };
		40E1E8501BCDD31F00D90A72 /* Info.plist */ = {isa = PBXFileReference; lastKnownFileType = text.plist.xml; path = Info.plist; sourceTree = "<group>"; };
		40E1E8551BCDD31F00D90A72 /* SwiftStarterUITests.xctest */ = {isa = PBXFileReference; explicitFileType = wrapper.cfbundle; includeInIndex = 0; path = SwiftStarterUITests.xctest; sourceTree = BUILT_PRODUCTS_DIR; };
		40E1E8591BCDD31F00D90A72 /* SwiftStarterUITests.swift */ = {isa = PBXFileReference; lastKnownFileType = sourcecode.swift; path = SwiftStarterUITests.swift; sourceTree = "<group>"; };
		40E1E85B1BCDD31F00D90A72 /* Info.plist */ = {isa = PBXFileReference; lastKnownFileType = text.plist.xml; path = Info.plist; sourceTree = "<group>"; };
		40E427641BD16466005F94E9 /* ScanTableViewController.swift */ = {isa = PBXFileReference; fileEncoding = 4; lastKnownFileType = sourcecode.swift; path = ScanTableViewController.swift; sourceTree = "<group>"; };
		616001B4D67FCBBF6A2471F3 /* libPods-SwiftStarter.a */ = {isa = PBXFileReference; explicitFileType = archive.ar; includeInIndex = 0; path = "libPods-SwiftStarter.a"; sourceTree = BUILT_PRODUCTS_DIR; };
		63A3408E587312BEAE1B75EA /* libPods-SwiftStarterUITests.a */ = {isa = PBXFileReference; explicitFileType = archive.ar; includeInIndex = 0; path = "libPods-SwiftStarterUITests.a"; sourceTree = BUILT_PRODUCTS_DIR; };
		7218D8A9BFDF654EC4525005 /* Pods-SwiftStarter.release.xcconfig */ = {isa = PBXFileReference; includeInIndex = 1; lastKnownFileType = text.xcconfig; name = "Pods-SwiftStarter.release.xcconfig"; path = "Pods/Target Support Files/Pods-SwiftStarter/Pods-SwiftStarter.release.xcconfig"; sourceTree = "<group>"; };
		7FBCF2A2F6E030395FCA9F1D /* Pods-SwiftStarterUITests.release.xcconfig */ = {isa = PBXFileReference; includeInIndex = 1; lastKnownFileType = text.xcconfig; name = "Pods-SwiftStarterUITests.release.xcconfig"; path = "Pods/Target Support Files/Pods-SwiftStarterUITests/Pods-SwiftStarterUITests.release.xcconfig"; sourceTree = "<group>"; };
		A148B87143003C3F60B4A1E2 /* Pods-SwiftStarterTests.debug.xcconfig */ = {isa = PBXFileReference; includeInIndex = 1; lastKnownFileType = text.xcconfig; name = "Pods-SwiftStarterTests.debug.xcconfig"; path = "Pods/Target Support Files/Pods-SwiftStarterTests/Pods-SwiftStarterTests.debug.xcconfig"; sourceTree = "<group>"; };
		A74FA3C6062EC69C39F8696A /* Pods-SwiftStarter.debug.xcconfig */ = {isa = PBXFileReference; includeInIndex = 1; lastKnownFileType = text.xcconfig; name = "Pods-SwiftStarter.debug.xcconfig"; path = "Pods/Target Support Files/Pods-SwiftStarter/Pods-SwiftStarter.debug.xcconfig"; sourceTree = "<group>"; };
		F6214D9E424DFAFEBC6C89C1 /* libPods-SwiftStarterTests.a */ = {isa = PBXFileReference; explicitFileType = archive.ar; includeInIndex = 0; path = "libPods-SwiftStarterTests.a"; sourceTree = BUILT_PRODUCTS_DIR; };
/* End PBXFileReference section */

/* Begin PBXFrameworksBuildPhase section */
		40E1E8331BCDD31F00D90A72 /* Frameworks */ = {
			isa = PBXFrameworksBuildPhase;
			buildActionMask = 2147483647;
			files = (
				C3B94E4277E3E3028D7426D4 /* libPods-SwiftStarter.a in Frameworks */,
			);
			runOnlyForDeploymentPostprocessing = 0;
		};
		40E1E8471BCDD31F00D90A72 /* Frameworks */ = {
			isa = PBXFrameworksBuildPhase;
			buildActionMask = 2147483647;
			files = (
				FD35AF059940394A5C3C0039 /* libPods-SwiftStarterTests.a in Frameworks */,
			);
			runOnlyForDeploymentPostprocessing = 0;
		};
		40E1E8521BCDD31F00D90A72 /* Frameworks */ = {
			isa = PBXFrameworksBuildPhase;
			buildActionMask = 2147483647;
			files = (
				27E0E36CAAAA42307654EE3B /* libPods-SwiftStarterUITests.a in Frameworks */,
			);
			runOnlyForDeploymentPostprocessing = 0;
		};
/* End PBXFrameworksBuildPhase section */

/* Begin PBXGroup section */
		40E1E82D1BCDD31F00D90A72 = {
			isa = PBXGroup;
			children = (
				40E1E8381BCDD31F00D90A72 /* SwiftStarter */,
				40E1E84D1BCDD31F00D90A72 /* SwiftStarterTests */,
				40E1E8581BCDD31F00D90A72 /* SwiftStarterUITests */,
				40E1E8371BCDD31F00D90A72 /* Products */,
				E10D4C5F16C58C4E3B4CD404 /* Pods */,
				5B146B1828759FB74A298726 /* Frameworks */,
			);
			sourceTree = "<group>";
		};
		40E1E8371BCDD31F00D90A72 /* Products */ = {
			isa = PBXGroup;
			children = (
				40E1E8361BCDD31F00D90A72 /* SwiftStarter.app */,
				40E1E84A1BCDD31F00D90A72 /* SwiftStarterTests.xctest */,
				40E1E8551BCDD31F00D90A72 /* SwiftStarterUITests.xctest */,
			);
			name = Products;
			sourceTree = "<group>";
		};
		40E1E8381BCDD31F00D90A72 /* SwiftStarter */ = {
			isa = PBXGroup;
			children = (
				40E1E8391BCDD31F00D90A72 /* AppDelegate.swift */,
				40E427641BD16466005F94E9 /* ScanTableViewController.swift */,
				406592681BD1D64600C9215A /* MainTableViewController.swift */,
				4023B4B01BD7113D00FE563B /* DeviceViewController.swift */,
				40E1E83D1BCDD31F00D90A72 /* Main.storyboard */,
				40E1E8401BCDD31F00D90A72 /* Assets.xcassets */,
				40E1E8451BCDD31F00D90A72 /* Info.plist */,
				4031C58E1BCDD53700A4756A /* SwiftStarter-Bridging-Header.h */,
			);
			path = SwiftStarter;
			sourceTree = "<group>";
		};
		40E1E84D1BCDD31F00D90A72 /* SwiftStarterTests */ = {
			isa = PBXGroup;
			children = (
				40E1E84E1BCDD31F00D90A72 /* SwiftStarterTests.swift */,
				40E1E8501BCDD31F00D90A72 /* Info.plist */,
			);
			path = SwiftStarterTests;
			sourceTree = "<group>";
		};
		40E1E8581BCDD31F00D90A72 /* SwiftStarterUITests */ = {
			isa = PBXGroup;
			children = (
				40E1E8591BCDD31F00D90A72 /* SwiftStarterUITests.swift */,
				40E1E85B1BCDD31F00D90A72 /* Info.plist */,
			);
			path = SwiftStarterUITests;
			sourceTree = "<group>";
		};
		5B146B1828759FB74A298726 /* Frameworks */ = {
			isa = PBXGroup;
			children = (
				616001B4D67FCBBF6A2471F3 /* libPods-SwiftStarter.a */,
				F6214D9E424DFAFEBC6C89C1 /* libPods-SwiftStarterTests.a */,
				63A3408E587312BEAE1B75EA /* libPods-SwiftStarterUITests.a */,
			);
			name = Frameworks;
			sourceTree = "<group>";
		};
		E10D4C5F16C58C4E3B4CD404 /* Pods */ = {
			isa = PBXGroup;
			children = (
				A74FA3C6062EC69C39F8696A /* Pods-SwiftStarter.debug.xcconfig */,
				7218D8A9BFDF654EC4525005 /* Pods-SwiftStarter.release.xcconfig */,
				A148B87143003C3F60B4A1E2 /* Pods-SwiftStarterTests.debug.xcconfig */,
				1D5A05112D72332CF3E0C018 /* Pods-SwiftStarterTests.release.xcconfig */,
				1D7CE6CF4687D32AC8B076E3 /* Pods-SwiftStarterUITests.debug.xcconfig */,
				7FBCF2A2F6E030395FCA9F1D /* Pods-SwiftStarterUITests.release.xcconfig */,
			);
			name = Pods;
			sourceTree = "<group>";
		};
/* End PBXGroup section */

/* Begin PBXNativeTarget section */
		40E1E8351BCDD31F00D90A72 /* SwiftStarter */ = {
			isa = PBXNativeTarget;
			buildConfigurationList = 40E1E85E1BCDD31F00D90A72 /* Build configuration list for PBXNativeTarget "SwiftStarter" */;
			buildPhases = (
				83047F4695419E94C02C1625 /* [CP] Check Pods Manifest.lock */,
				40E1E8321BCDD31F00D90A72 /* Sources */,
				40E1E8331BCDD31F00D90A72 /* Frameworks */,
				40E1E8341BCDD31F00D90A72 /* Resources */,
				F4F06CC75033C07565E71D85 /* [CP] Embed Pods Frameworks */,
				7A770AA4951BC845AD85B379 /* [CP] Copy Pods Resources */,
			);
			buildRules = (
			);
			dependencies = (
			);
			name = SwiftStarter;
			productName = SwiftStarter;
			productReference = 40E1E8361BCDD31F00D90A72 /* SwiftStarter.app */;
			productType = "com.apple.product-type.application";
		};
		40E1E8491BCDD31F00D90A72 /* SwiftStarterTests */ = {
			isa = PBXNativeTarget;
			buildConfigurationList = 40E1E8611BCDD31F00D90A72 /* Build configuration list for PBXNativeTarget "SwiftStarterTests" */;
			buildPhases = (
				48354C9C1DB02A815E705D63 /* [CP] Check Pods Manifest.lock */,
				40E1E8461BCDD31F00D90A72 /* Sources */,
				40E1E8471BCDD31F00D90A72 /* Frameworks */,
				40E1E8481BCDD31F00D90A72 /* Resources */,
				775FFA9F256943C9DE3503FB /* [CP] Embed Pods Frameworks */,
				910672AF4FD1341C7151E3FA /* [CP] Copy Pods Resources */,
			);
			buildRules = (
			);
			dependencies = (
				40E1E84C1BCDD31F00D90A72 /* PBXTargetDependency */,
			);
			name = SwiftStarterTests;
			productName = SwiftStarterTests;
			productReference = 40E1E84A1BCDD31F00D90A72 /* SwiftStarterTests.xctest */;
			productType = "com.apple.product-type.bundle.unit-test";
		};
		40E1E8541BCDD31F00D90A72 /* SwiftStarterUITests */ = {
			isa = PBXNativeTarget;
			buildConfigurationList = 40E1E8641BCDD31F00D90A72 /* Build configuration list for PBXNativeTarget "SwiftStarterUITests" */;
			buildPhases = (
				6BD14E3FB1F74BC87F408429 /* [CP] Check Pods Manifest.lock */,
				40E1E8511BCDD31F00D90A72 /* Sources */,
				40E1E8521BCDD31F00D90A72 /* Frameworks */,
				40E1E8531BCDD31F00D90A72 /* Resources */,
				9844496F95DAB11C7DF8C6BD /* [CP] Copy Pods Resources */,
				1A6033FA60A89D20F2C51DC5 /* [CP] Embed Pods Frameworks */,
			);
			buildRules = (
			);
			dependencies = (
				40E1E8571BCDD31F00D90A72 /* PBXTargetDependency */,
			);
			name = SwiftStarterUITests;
			productName = SwiftStarterUITests;
			productReference = 40E1E8551BCDD31F00D90A72 /* SwiftStarterUITests.xctest */;
			productType = "com.apple.product-type.bundle.ui-testing";
		};
/* End PBXNativeTarget section */

/* Begin PBXProject section */
		40E1E82E1BCDD31F00D90A72 /* Project object */ = {
			isa = PBXProject;
			attributes = {
				LastSwiftUpdateCheck = 0700;
				LastUpgradeCheck = 0800;
				ORGANIZATIONNAME = "MbientLab Inc.";
				TargetAttributes = {
					40E1E8351BCDD31F00D90A72 = {
						CreatedOnToolsVersion = 7.0.1;
						DevelopmentTeam = S2273LZ6GL;
						LastSwiftMigration = 0800;
					};
					40E1E8491BCDD31F00D90A72 = {
						CreatedOnToolsVersion = 7.0.1;
						DevelopmentTeam = S2273LZ6GL;
						LastSwiftMigration = 0800;
						TestTargetID = 40E1E8351BCDD31F00D90A72;
					};
					40E1E8541BCDD31F00D90A72 = {
						CreatedOnToolsVersion = 7.0.1;
						DevelopmentTeam = S2273LZ6GL;
						LastSwiftMigration = 0800;
						TestTargetID = 40E1E8351BCDD31F00D90A72;
					};
				};
			};
			buildConfigurationList = 40E1E8311BCDD31F00D90A72 /* Build configuration list for PBXProject "SwiftStarter" */;
			compatibilityVersion = "Xcode 3.2";
			developmentRegion = English;
			hasScannedForEncodings = 0;
			knownRegions = (
				en,
				Base,
			);
			mainGroup = 40E1E82D1BCDD31F00D90A72;
			productRefGroup = 40E1E8371BCDD31F00D90A72 /* Products */;
			projectDirPath = "";
			projectRoot = "";
			targets = (
				40E1E8351BCDD31F00D90A72 /* SwiftStarter */,
				40E1E8491BCDD31F00D90A72 /* SwiftStarterTests */,
				40E1E8541BCDD31F00D90A72 /* SwiftStarterUITests */,
			);
		};
/* End PBXProject section */

/* Begin PBXResourcesBuildPhase section */
		40E1E8341BCDD31F00D90A72 /* Resources */ = {
			isa = PBXResourcesBuildPhase;
			buildActionMask = 2147483647;
			files = (
				40E1E8411BCDD31F00D90A72 /* Assets.xcassets in Resources */,
				40E1E83F1BCDD31F00D90A72 /* Main.storyboard in Resources */,
			);
			runOnlyForDeploymentPostprocessing = 0;
		};
		40E1E8481BCDD31F00D90A72 /* Resources */ = {
			isa = PBXResourcesBuildPhase;
			buildActionMask = 2147483647;
			files = (
			);
			runOnlyForDeploymentPostprocessing = 0;
		};
		40E1E8531BCDD31F00D90A72 /* Resources */ = {
			isa = PBXResourcesBuildPhase;
			buildActionMask = 2147483647;
			files = (
			);
			runOnlyForDeploymentPostprocessing = 0;
		};
/* End PBXResourcesBuildPhase section */

/* Begin PBXShellScriptBuildPhase section */
		1A6033FA60A89D20F2C51DC5 /* [CP] Embed Pods Frameworks */ = {
			isa = PBXShellScriptBuildPhase;
			buildActionMask = 2147483647;
			files = (
			);
			inputPaths = (
			);
			name = "[CP] Embed Pods Frameworks";
			outputPaths = (
			);
			runOnlyForDeploymentPostprocessing = 0;
			shellPath = /bin/sh;
			shellScript = "\"${SRCROOT}/Pods/Target Support Files/Pods-SwiftStarterUITests/Pods-SwiftStarterUITests-frameworks.sh\"\n";
			showEnvVarsInLog = 0;
		};
		48354C9C1DB02A815E705D63 /* [CP] Check Pods Manifest.lock */ = {
			isa = PBXShellScriptBuildPhase;
			buildActionMask = 2147483647;
			files = (
			);
			inputPaths = (
			);
			name = "[CP] Check Pods Manifest.lock";
			outputPaths = (
			);
			runOnlyForDeploymentPostprocessing = 0;
			shellPath = /bin/sh;
			shellScript = "diff \"${PODS_ROOT}/../Podfile.lock\" \"${PODS_ROOT}/Manifest.lock\" > /dev/null\nif [ $? != 0 ] ; then\n    # print error to STDERR\n    echo \"error: The sandbox is not in sync with the Podfile.lock. Run 'pod install' or update your CocoaPods installation.\" >&2\n    exit 1\nfi\n";
			showEnvVarsInLog = 0;
		};
		6BD14E3FB1F74BC87F408429 /* [CP] Check Pods Manifest.lock */ = {
			isa = PBXShellScriptBuildPhase;
			buildActionMask = 2147483647;
			files = (
			);
			inputPaths = (
			);
			name = "[CP] Check Pods Manifest.lock";
			outputPaths = (
			);
			runOnlyForDeploymentPostprocessing = 0;
			shellPath = /bin/sh;
			shellScript = "diff \"${PODS_ROOT}/../Podfile.lock\" \"${PODS_ROOT}/Manifest.lock\" > /dev/null\nif [ $? != 0 ] ; then\n    # print error to STDERR\n    echo \"error: The sandbox is not in sync with the Podfile.lock. Run 'pod install' or update your CocoaPods installation.\" >&2\n    exit 1\nfi\n";
			showEnvVarsInLog = 0;
		};
		775FFA9F256943C9DE3503FB /* [CP] Embed Pods Frameworks */ = {
			isa = PBXShellScriptBuildPhase;
			buildActionMask = 2147483647;
			files = (
			);
			inputPaths = (
			);
			name = "[CP] Embed Pods Frameworks";
			outputPaths = (
			);
			runOnlyForDeploymentPostprocessing = 0;
			shellPath = /bin/sh;
			shellScript = "\"${SRCROOT}/Pods/Target Support Files/Pods-SwiftStarterTests/Pods-SwiftStarterTests-frameworks.sh\"\n";
			showEnvVarsInLog = 0;
		};
		7A770AA4951BC845AD85B379 /* [CP] Copy Pods Resources */ = {
			isa = PBXShellScriptBuildPhase;
			buildActionMask = 2147483647;
			files = (
			);
			inputPaths = (
			);
			name = "[CP] Copy Pods Resources";
			outputPaths = (
			);
			runOnlyForDeploymentPostprocessing = 0;
			shellPath = /bin/sh;
			shellScript = "\"${SRCROOT}/Pods/Target Support Files/Pods-SwiftStarter/Pods-SwiftStarter-resources.sh\"\n";
			showEnvVarsInLog = 0;
		};
		83047F4695419E94C02C1625 /* [CP] Check Pods Manifest.lock */ = {
			isa = PBXShellScriptBuildPhase;
			buildActionMask = 2147483647;
			files = (
			);
			inputPaths = (
			);
			name = "[CP] Check Pods Manifest.lock";
			outputPaths = (
			);
			runOnlyForDeploymentPostprocessing = 0;
			shellPath = /bin/sh;
			shellScript = "diff \"${PODS_ROOT}/../Podfile.lock\" \"${PODS_ROOT}/Manifest.lock\" > /dev/null\nif [ $? != 0 ] ; then\n    # print error to STDERR\n    echo \"error: The sandbox is not in sync with the Podfile.lock. Run 'pod install' or update your CocoaPods installation.\" >&2\n    exit 1\nfi\n";
			showEnvVarsInLog = 0;
		};
		910672AF4FD1341C7151E3FA /* [CP] Copy Pods Resources */ = {
			isa = PBXShellScriptBuildPhase;
			buildActionMask = 2147483647;
			files = (
			);
			inputPaths = (
			);
			name = "[CP] Copy Pods Resources";
			outputPaths = (
			);
			runOnlyForDeploymentPostprocessing = 0;
			shellPath = /bin/sh;
			shellScript = "\"${SRCROOT}/Pods/Target Support Files/Pods-SwiftStarterTests/Pods-SwiftStarterTests-resources.sh\"\n";
			showEnvVarsInLog = 0;
		};
		9844496F95DAB11C7DF8C6BD /* [CP] Copy Pods Resources */ = {
			isa = PBXShellScriptBuildPhase;
			buildActionMask = 2147483647;
			files = (
			);
			inputPaths = (
			);
			name = "[CP] Copy Pods Resources";
			outputPaths = (
			);
			runOnlyForDeploymentPostprocessing = 0;
			shellPath = /bin/sh;
			shellScript = "\"${SRCROOT}/Pods/Target Support Files/Pods-SwiftStarterUITests/Pods-SwiftStarterUITests-resources.sh\"\n";
			showEnvVarsInLog = 0;
		};
		F4F06CC75033C07565E71D85 /* [CP] Embed Pods Frameworks */ = {
			isa = PBXShellScriptBuildPhase;
			buildActionMask = 2147483647;
			files = (
			);
			inputPaths = (
			);
			name = "[CP] Embed Pods Frameworks";
			outputPaths = (
			);
			runOnlyForDeploymentPostprocessing = 0;
			shellPath = /bin/sh;
			shellScript = "\"${SRCROOT}/Pods/Target Support Files/Pods-SwiftStarter/Pods-SwiftStarter-frameworks.sh\"\n";
			showEnvVarsInLog = 0;
		};
/* End PBXShellScriptBuildPhase section */

/* Begin PBXSourcesBuildPhase section */
		40E1E8321BCDD31F00D90A72 /* Sources */ = {
			isa = PBXSourcesBuildPhase;
			buildActionMask = 2147483647;
			files = (
				406592691BD1D64600C9215A /* MainTableViewController.swift in Sources */,
				4023B4B11BD7113D00FE563B /* DeviceViewController.swift in Sources */,
				40E1E83A1BCDD31F00D90A72 /* AppDelegate.swift in Sources */,
				40E427651BD16466005F94E9 /* ScanTableViewController.swift in Sources */,
			);
			runOnlyForDeploymentPostprocessing = 0;
		};
		40E1E8461BCDD31F00D90A72 /* Sources */ = {
			isa = PBXSourcesBuildPhase;
			buildActionMask = 2147483647;
			files = (
				40E1E84F1BCDD31F00D90A72 /* SwiftStarterTests.swift in Sources */,
			);
			runOnlyForDeploymentPostprocessing = 0;
		};
		40E1E8511BCDD31F00D90A72 /* Sources */ = {
			isa = PBXSourcesBuildPhase;
			buildActionMask = 2147483647;
			files = (
				40E1E85A1BCDD31F00D90A72 /* SwiftStarterUITests.swift in Sources */,
			);
			runOnlyForDeploymentPostprocessing = 0;
		};
/* End PBXSourcesBuildPhase section */

/* Begin PBXTargetDependency section */
		40E1E84C1BCDD31F00D90A72 /* PBXTargetDependency */ = {
			isa = PBXTargetDependency;
			target = 40E1E8351BCDD31F00D90A72 /* SwiftStarter */;
			targetProxy = 40E1E84B1BCDD31F00D90A72 /* PBXContainerItemProxy */;
		};
		40E1E8571BCDD31F00D90A72 /* PBXTargetDependency */ = {
			isa = PBXTargetDependency;
			target = 40E1E8351BCDD31F00D90A72 /* SwiftStarter */;
			targetProxy = 40E1E8561BCDD31F00D90A72 /* PBXContainerItemProxy */;
		};
/* End PBXTargetDependency section */

/* Begin PBXVariantGroup section */
		40E1E83D1BCDD31F00D90A72 /* Main.storyboard */ = {
			isa = PBXVariantGroup;
			children = (
				40E1E83E1BCDD31F00D90A72 /* Base */,
			);
			name = Main.storyboard;
			sourceTree = "<group>";
		};
/* End PBXVariantGroup section */

/* Begin XCBuildConfiguration section */
		40E1E85C1BCDD31F00D90A72 /* Debug */ = {
			isa = XCBuildConfiguration;
			buildSettings = {
				ALWAYS_SEARCH_USER_PATHS = NO;
				CLANG_CXX_LANGUAGE_STANDARD = "gnu++0x";
				CLANG_CXX_LIBRARY = "libc++";
				CLANG_ENABLE_MODULES = YES;
				CLANG_ENABLE_OBJC_ARC = YES;
				CLANG_WARN_BOOL_CONVERSION = YES;
				CLANG_WARN_CONSTANT_CONVERSION = YES;
				CLANG_WARN_DIRECT_OBJC_ISA_USAGE = YES_ERROR;
				CLANG_WARN_EMPTY_BODY = YES;
				CLANG_WARN_ENUM_CONVERSION = YES;
				CLANG_WARN_INFINITE_RECURSION = YES;
				CLANG_WARN_INT_CONVERSION = YES;
				CLANG_WARN_OBJC_ROOT_CLASS = YES_ERROR;
				CLANG_WARN_SUSPICIOUS_MOVE = YES;
				CLANG_WARN_UNREACHABLE_CODE = YES;
				CLANG_WARN__DUPLICATE_METHOD_MATCH = YES;
				"CODE_SIGN_IDENTITY[sdk=iphoneos*]" = "iPhone Developer";
				COPY_PHASE_STRIP = NO;
				DEBUG_INFORMATION_FORMAT = dwarf;
				ENABLE_STRICT_OBJC_MSGSEND = YES;
				ENABLE_TESTABILITY = YES;
				GCC_C_LANGUAGE_STANDARD = gnu99;
				GCC_DYNAMIC_NO_PIC = NO;
				GCC_NO_COMMON_BLOCKS = YES;
				GCC_OPTIMIZATION_LEVEL = 0;
				GCC_PREPROCESSOR_DEFINITIONS = (
					"DEBUG=1",
					"$(inherited)",
				);
				GCC_WARN_64_TO_32_BIT_CONVERSION = YES;
				GCC_WARN_ABOUT_RETURN_TYPE = YES_ERROR;
				GCC_WARN_UNDECLARED_SELECTOR = YES;
				GCC_WARN_UNINITIALIZED_AUTOS = YES_AGGRESSIVE;
				GCC_WARN_UNUSED_FUNCTION = YES;
				GCC_WARN_UNUSED_VARIABLE = YES;
				IPHONEOS_DEPLOYMENT_TARGET = 9.0;
				MTL_ENABLE_DEBUG_INFO = YES;
				ONLY_ACTIVE_ARCH = YES;
				SDKROOT = iphoneos;
				SWIFT_OPTIMIZATION_LEVEL = "-Onone";
			};
			name = Debug;
		};
		40E1E85D1BCDD31F00D90A72 /* Release */ = {
			isa = XCBuildConfiguration;
			buildSettings = {
				ALWAYS_SEARCH_USER_PATHS = NO;
				CLANG_CXX_LANGUAGE_STANDARD = "gnu++0x";
				CLANG_CXX_LIBRARY = "libc++";
				CLANG_ENABLE_MODULES = YES;
				CLANG_ENABLE_OBJC_ARC = YES;
				CLANG_WARN_BOOL_CONVERSION = YES;
				CLANG_WARN_CONSTANT_CONVERSION = YES;
				CLANG_WARN_DIRECT_OBJC_ISA_USAGE = YES_ERROR;
				CLANG_WARN_EMPTY_BODY = YES;
				CLANG_WARN_ENUM_CONVERSION = YES;
				CLANG_WARN_INFINITE_RECURSION = YES;
				CLANG_WARN_INT_CONVERSION = YES;
				CLANG_WARN_OBJC_ROOT_CLASS = YES_ERROR;
				CLANG_WARN_SUSPICIOUS_MOVE = YES;
				CLANG_WARN_UNREACHABLE_CODE = YES;
				CLANG_WARN__DUPLICATE_METHOD_MATCH = YES;
				"CODE_SIGN_IDENTITY[sdk=iphoneos*]" = "iPhone Developer";
				COPY_PHASE_STRIP = NO;
				DEBUG_INFORMATION_FORMAT = "dwarf-with-dsym";
				ENABLE_NS_ASSERTIONS = NO;
				ENABLE_STRICT_OBJC_MSGSEND = YES;
				GCC_C_LANGUAGE_STANDARD = gnu99;
				GCC_NO_COMMON_BLOCKS = YES;
				GCC_WARN_64_TO_32_BIT_CONVERSION = YES;
				GCC_WARN_ABOUT_RETURN_TYPE = YES_ERROR;
				GCC_WARN_UNDECLARED_SELECTOR = YES;
				GCC_WARN_UNINITIALIZED_AUTOS = YES_AGGRESSIVE;
				GCC_WARN_UNUSED_FUNCTION = YES;
				GCC_WARN_UNUSED_VARIABLE = YES;
				IPHONEOS_DEPLOYMENT_TARGET = 9.0;
				MTL_ENABLE_DEBUG_INFO = NO;
				SDKROOT = iphoneos;
				SWIFT_OPTIMIZATION_LEVEL = "-Owholemodule";
				VALIDATE_PRODUCT = YES;
			};
			name = Release;
		};
		40E1E85F1BCDD31F00D90A72 /* Debug */ = {
			isa = XCBuildConfiguration;
			baseConfigurationReference = A74FA3C6062EC69C39F8696A /* Pods-SwiftStarter.debug.xcconfig */;
			buildSettings = {
				ASSETCATALOG_COMPILER_APPICON_NAME = AppIcon;
				ASSETCATALOG_COMPILER_LAUNCHIMAGE_NAME = BrandAsset;
				CLANG_ENABLE_MODULES = YES;
				DEVELOPMENT_TEAM = S2273LZ6GL;
				INFOPLIST_FILE = SwiftStarter/Info.plist;
				IPHONEOS_DEPLOYMENT_TARGET = 8.0;
				LD_RUNPATH_SEARCH_PATHS = "$(inherited) @executable_path/Frameworks";
				PRODUCT_BUNDLE_IDENTIFIER = com.mbientlab.SwiftStarter;
				PRODUCT_NAME = "$(TARGET_NAME)";
				SWIFT_OBJC_BRIDGING_HEADER = "SwiftStarter/SwiftStarter-Bridging-Header.h";
				SWIFT_OPTIMIZATION_LEVEL = "-Onone";
				SWIFT_VERSION = 3.0;
			};
			name = Debug;
		};
		40E1E8601BCDD31F00D90A72 /* Release */ = {
			isa = XCBuildConfiguration;
			baseConfigurationReference = 7218D8A9BFDF654EC4525005 /* Pods-SwiftStarter.release.xcconfig */;
			buildSettings = {
				ASSETCATALOG_COMPILER_APPICON_NAME = AppIcon;
				ASSETCATALOG_COMPILER_LAUNCHIMAGE_NAME = BrandAsset;
				CLANG_ENABLE_MODULES = YES;
				DEVELOPMENT_TEAM = S2273LZ6GL;
				INFOPLIST_FILE = SwiftStarter/Info.plist;
				IPHONEOS_DEPLOYMENT_TARGET = 8.0;
				LD_RUNPATH_SEARCH_PATHS = "$(inherited) @executable_path/Frameworks";
				PRODUCT_BUNDLE_IDENTIFIER = com.mbientlab.SwiftStarter;
				PRODUCT_NAME = "$(TARGET_NAME)";
				SWIFT_OBJC_BRIDGING_HEADER = "SwiftStarter/SwiftStarter-Bridging-Header.h";
				SWIFT_VERSION = 3.0;
			};
			name = Release;
		};
		40E1E8621BCDD31F00D90A72 /* Debug */ = {
			isa = XCBuildConfiguration;
			baseConfigurationReference = A148B87143003C3F60B4A1E2 /* Pods-SwiftStarterTests.debug.xcconfig */;
			buildSettings = {
				BUNDLE_LOADER = "$(TEST_HOST)";
				DEVELOPMENT_TEAM = S2273LZ6GL;
				INFOPLIST_FILE = SwiftStarterTests/Info.plist;
				LD_RUNPATH_SEARCH_PATHS = "$(inherited) @executable_path/Frameworks @loader_path/Frameworks";
				PRODUCT_BUNDLE_IDENTIFIER = com.mbientlab.SwiftStarterTests;
				PRODUCT_NAME = "$(TARGET_NAME)";
				SWIFT_VERSION = 3.0;
				TEST_HOST = "$(BUILT_PRODUCTS_DIR)/SwiftStarter.app/SwiftStarter";
			};
			name = Debug;
		};
		40E1E8631BCDD31F00D90A72 /* Release */ = {
			isa = XCBuildConfiguration;
			baseConfigurationReference = 1D5A05112D72332CF3E0C018 /* Pods-SwiftStarterTests.release.xcconfig */;
			buildSettings = {
				BUNDLE_LOADER = "$(TEST_HOST)";
				DEVELOPMENT_TEAM = S2273LZ6GL;
				INFOPLIST_FILE = SwiftStarterTests/Info.plist;
				LD_RUNPATH_SEARCH_PATHS = "$(inherited) @executable_path/Frameworks @loader_path/Frameworks";
				PRODUCT_BUNDLE_IDENTIFIER = com.mbientlab.SwiftStarterTests;
				PRODUCT_NAME = "$(TARGET_NAME)";
				SWIFT_VERSION = 3.0;
				TEST_HOST = "$(BUILT_PRODUCTS_DIR)/SwiftStarter.app/SwiftStarter";
			};
			name = Release;
		};
		40E1E8651BCDD31F00D90A72 /* Debug */ = {
			isa = XCBuildConfiguration;
			baseConfigurationReference = 1D7CE6CF4687D32AC8B076E3 /* Pods-SwiftStarterUITests.debug.xcconfig */;
			buildSettings = {
				DEVELOPMENT_TEAM = S2273LZ6GL;
				INFOPLIST_FILE = SwiftStarterUITests/Info.plist;
				LD_RUNPATH_SEARCH_PATHS = "$(inherited) @executable_path/Frameworks @loader_path/Frameworks";
				PRODUCT_BUNDLE_IDENTIFIER = com.mbientlab.SwiftStarterUITests;
				PRODUCT_NAME = "$(TARGET_NAME)";
				SWIFT_VERSION = 3.0;
				TEST_TARGET_NAME = SwiftStarter;
				USES_XCTRUNNER = YES;
			};
			name = Debug;
		};
		40E1E8661BCDD31F00D90A72 /* Release */ = {
			isa = XCBuildConfiguration;
			baseConfigurationReference = 7FBCF2A2F6E030395FCA9F1D /* Pods-SwiftStarterUITests.release.xcconfig */;
			buildSettings = {
				DEVELOPMENT_TEAM = S2273LZ6GL;
				INFOPLIST_FILE = SwiftStarterUITests/Info.plist;
				LD_RUNPATH_SEARCH_PATHS = "$(inherited) @executable_path/Frameworks @loader_path/Frameworks";
				PRODUCT_BUNDLE_IDENTIFIER = com.mbientlab.SwiftStarterUITests;
				PRODUCT_NAME = "$(TARGET_NAME)";
				SWIFT_VERSION = 3.0;
				TEST_TARGET_NAME = SwiftStarter;
				USES_XCTRUNNER = YES;
			};
			name = Release;
		};
/* End XCBuildConfiguration section */

/* Begin XCConfigurationList section */
		40E1E8311BCDD31F00D90A72 /* Build configuration list for PBXProject "SwiftStarter" */ = {
			isa = XCConfigurationList;
			buildConfigurations = (
				40E1E85C1BCDD31F00D90A72 /* Debug */,
				40E1E85D1BCDD31F00D90A72 /* Release */,
			);
			defaultConfigurationIsVisible = 0;
			defaultConfigurationName = Release;
		};
		40E1E85E1BCDD31F00D90A72 /* Build configuration list for PBXNativeTarget "SwiftStarter" */ = {
			isa = XCConfigurationList;
			buildConfigurations = (
				40E1E85F1BCDD31F00D90A72 /* Debug */,
				40E1E8601BCDD31F00D90A72 /* Release */,
			);
			defaultConfigurationIsVisible = 0;
			defaultConfigurationName = Release;
		};
		40E1E8611BCDD31F00D90A72 /* Build configuration list for PBXNativeTarget "SwiftStarterTests" */ = {
			isa = XCConfigurationList;
			buildConfigurations = (
				40E1E8621BCDD31F00D90A72 /* Debug */,
				40E1E8631BCDD31F00D90A72 /* Release */,
			);
			defaultConfigurationIsVisible = 0;
			defaultConfigurationName = Release;
		};
		40E1E8641BCDD31F00D90A72 /* Build configuration list for PBXNativeTarget "SwiftStarterUITests" */ = {
			isa = XCConfigurationList;
			buildConfigurations = (
				40E1E8651BCDD31F00D90A72 /* Debug */,
				40E1E8661BCDD31F00D90A72 /* Release */,
			);
			defaultConfigurationIsVisible = 0;
			defaultConfigurationName = Release;
		};
/* End XCConfigurationList section */
	};
	rootObject = 40E1E82E1BCDD31F00D90A72 /* Project object */;
}
