PODS:
  - Bolts/Tasks (1.6.0)
  - MBProgressHUD (0.9.2)
  - Metawear-iOSAPI (2.3.1):
    - Bolts/Tasks (~> 1.6)

DEPENDENCIES:
  - MBProgressHUD
  - Metawear-iOSAPI

SPEC CHECKSUMS:
  Bolts: f52a250053bb517ca874523c3913776359ab3def
  MBProgressHUD: 1569cf7ace17a8bac47aabfbb8580a49690386d1
  Metawear-iOSAPI: a2cfabd6965aa49b2e69bfe88fb5e6cad1b74d34

COCOAPODS: 0.39.0
